
Microsoft Visual Studio Solution File, Format Version 11.00
# Visual Studio 2010
Project("{FAE04EC0-301F-11D3-BF4B-00C04F79EFBC}") = "OperatingSystemSimulation", "OperatingSystemSimulation\OperatingSystemSimulation.csproj", "{B354D4F7-C3EF-46A5-8E69-C50C701E2ED5}"
EndProject
Project("{FAE04EC0-301F-11D3-BF4B-00C04F79EFBC}") = "OpSysTests", "OpSysTests\OpSysTests.csproj", "{3B0816BA-E01C-4351-82BD-0768B140BC6D}"
EndProject
Project("{2150E333-8FDC-42A3-9474-1A3956D46DE8}") = "Solution Items", "Solution Items", "{D41741F3-6AE1-42BC-94BD-79CEBD16A0B2}"
	ProjectSection(SolutionItems) = preProject
		Local.testsettings = Local.testsettings
		OperatingSystemSimulation.vsmdi = OperatingSystemSimulation.vsmdi
		TraceAndTestImpact.testsettings = TraceAndTestImpact.testsettings
	EndProjectSection
EndProject
Global
	GlobalSection(TestCaseManagementSettings) = postSolution
		CategoryFile = OperatingSystemSimulation.vsmdi
	EndGlobalSection
	GlobalSection(SolutionConfigurationPlatforms) = preSolution
		Debug|Any CPU = Debug|Any CPU
		Debug|Mixed Platforms = Debug|Mixed Platforms
		Debug|x86 = Debug|x86
		Release|Any CPU = Release|Any CPU
		Release|Mixed Platforms = Release|Mixed Platforms
		Release|x86 = Release|x86
	EndGlobalSection
	GlobalSection(ProjectConfigurationPlatforms) = postSolution
		{B354D4F7-C3EF-46A5-8E69-C50C701E2ED5}.Debug|Any CPU.ActiveCfg = Debug|x86
		{B354D4F7-C3EF-46A5-8E69-C50C701E2ED5}.Debug|Mixed Platforms.ActiveCfg = Debug|x86
		{B354D4F7-C3EF-46A5-8E69-C50C701E2ED5}.Debug|Mixed Platforms.Build.0 = Debug|x86
		{B354D4F7-C3EF-46A5-8E69-C50C701E2ED5}.Debug|x86.ActiveCfg = Debug|x86
		{B354D4F7-C3EF-46A5-8E69-C50C701E2ED5}.Debug|x86.Build.0 = Debug|x86
		{B354D4F7-C3EF-46A5-8E69-C50C701E2ED5}.Release|Any CPU.ActiveCfg = Release|x86
		{B354D4F7-C3EF-46A5-8E69-C50C701E2ED5}.Release|Mixed Platforms.ActiveCfg = Release|x86
		{B354D4F7-C3EF-46A5-8E69-C50C701E2ED5}.Release|Mixed Platforms.Build.0 = Release|x86
		{B354D4F7-C3EF-46A5-8E69-C50C701E2ED5}.Release|x86.ActiveCfg = Release|x86
		{B354D4F7-C3EF-46A5-8E69-C50C701E2ED5}.Release|x86.Build.0 = Release|x86
		{3B0816BA-E01C-4351-82BD-0768B140BC6D}.Debug|Any CPU.ActiveCfg = Debug|Any CPU
		{3B0816BA-E01C-4351-82BD-0768B140BC6D}.Debug|Any CPU.Build.0 = Debug|Any CPU
		{3B0816BA-E01C-4351-82BD-0768B140BC6D}.Debug|Mixed Platforms.ActiveCfg = Debug|Any CPU
		{3B0816BA-E01C-4351-82BD-0768B140BC6D}.Debug|Mixed Platforms.Build.0 = Debug|Any CPU
		{3B0816BA-E01C-4351-82BD-0768B140BC6D}.Debug|x86.ActiveCfg = Debug|Any CPU
		{3B0816BA-E01C-4351-82BD-0768B140BC6D}.Release|Any CPU.ActiveCfg = Release|Any CPU
		{3B0816BA-E01C-4351-82BD-0768B140BC6D}.Release|Any CPU.Build.0 = Release|Any CPU
		{3B0816BA-E01C-4351-82BD-0768B140BC6D}.Release|Mixed Platforms.ActiveCfg = Release|Any CPU
		{3B0816BA-E01C-4351-82BD-0768B140BC6D}.Release|Mixed Platforms.Build.0 = Release|Any CPU
		{3B0816BA-E01C-4351-82BD-0768B140BC6D}.Release|x86.ActiveCfg = Release|Any CPU
	EndGlobalSection
	GlobalSection(SolutionProperties) = preSolution
		HideSolutionNode = FALSE
	EndGlobalSection
EndGlobal
